PODS:
  - Alamofire (5.4.1)
  - Kingfisher (6.1.1)

DEPENDENCIES:
  - Alamofire (~> 5.4)
  - Kingfisher

SPEC REPOS:
  trunk:
    - Alamofire
    - Kingfisher

SPEC CHECKSUMS:
  Alamofire: 2291f7d21ca607c491dd17642e5d40fdcda0e65c
  Kingfisher: 676d63307fbef6ed5d5ed400bff36983480d7500

PODFILE CHECKSUM: 1098a88838e8fccd11b5bb1b3e5c89bbb1b60f5c

COCOAPODS: 1.11.2
